
Microsoft Visual Studio Solution File, Format Version 12.00
# Visual Studio Version 16
VisualStudioVersion = 16.0.29409.12
MinimumVisualStudioVersion = 10.0.40219.1
Project("{9A19103F-16F7-4668-BE54-9A1E7A4F7556}") = "MinhaArma.Core", "MinhaArma.Core\MinhaArma.Core.csproj", "{11E6A791-FE64-4FE8-A066-D36F5D8829E9}"
EndProject
Project("{FAE04EC0-301F-11D3-BF4B-00C04F79EFBC}") = "MinhaArma.Droid", "MinhaArma.Droid\MinhaArma.Droid.csproj", "{C741E3C0-E328-4AEC-ACFE-6C07C92BD007}"
EndProject
Project("{FAE04EC0-301F-11D3-BF4B-00C04F79EFBC}") = "MinhaArma.WebApi", "MinhaArma.WebApi\MinhaArma.WebApi.csproj", "{98CAF973-6D06-451F-9178-289F024D0A98}"
EndProject
Global
	GlobalSection(SolutionConfigurationPlatforms) = preSolution
		Debug|Any CPU = Debug|Any CPU
		Release|Any CPU = Release|Any CPU
	EndGlobalSection
	GlobalSection(ProjectConfigurationPlatforms) = postSolution
		{11E6A791-FE64-4FE8-A066-D36F5D8829E9}.Debug|Any CPU.ActiveCfg = Debug|Any CPU
		{11E6A791-FE64-4FE8-A066-D36F5D8829E9}.Debug|Any CPU.Build.0 = Debug|Any CPU
		{11E6A791-FE64-4FE8-A066-D36F5D8829E9}.Release|Any CPU.ActiveCfg = Release|Any CPU
		{11E6A791-FE64-4FE8-A066-D36F5D8829E9}.Release|Any CPU.Build.0 = Release|Any CPU
		{C741E3C0-E328-4AEC-ACFE-6C07C92BD007}.Debug|Any CPU.ActiveCfg = Debug|Any CPU
		{C741E3C0-E328-4AEC-ACFE-6C07C92BD007}.Debug|Any CPU.Build.0 = Debug|Any CPU
		{C741E3C0-E328-4AEC-ACFE-6C07C92BD007}.Debug|Any CPU.Deploy.0 = Debug|Any CPU
		{C741E3C0-E328-4AEC-ACFE-6C07C92BD007}.Release|Any CPU.ActiveCfg = Release|Any CPU
		{C741E3C0-E328-4AEC-ACFE-6C07C92BD007}.Release|Any CPU.Build.0 = Release|Any CPU
		{C741E3C0-E328-4AEC-ACFE-6C07C92BD007}.Release|Any CPU.Deploy.0 = Release|Any CPU
		{98CAF973-6D06-451F-9178-289F024D0A98}.Debug|Any CPU.ActiveCfg = Debug|Any CPU
		{98CAF973-6D06-451F-9178-289F024D0A98}.Debug|Any CPU.Build.0 = Debug|Any CPU
		{98CAF973-6D06-451F-9178-289F024D0A98}.Release|Any CPU.ActiveCfg = Release|Any CPU
		{98CAF973-6D06-451F-9178-289F024D0A98}.Release|Any CPU.Build.0 = Release|Any CPU
	EndGlobalSection
	GlobalSection(SolutionProperties) = preSolution
		HideSolutionNode = FALSE
	EndGlobalSection
	GlobalSection(ExtensibilityGlobals) = postSolution
		SolutionGuid = {ED4B6987-4B40-441B-BF5C-2615A2CC31B1}
	EndGlobalSection
EndGlobal
